// !$*UTF8*$!
{
	archiveVersion = 1;
	classes = {
	};
	objectVersion = 52;
	objects = {

/* Begin PBXBuildFile section */
		C448F3A2265AEF6100E22BCD /* AppDelegate.swift in Sources */ = {isa = PBXBuildFile; fileRef = C448F3A1265AEF6100E22BCD /* AppDelegate.swift */; };
		C448F3A4265AEF6100E22BCD /* SceneDelegate.swift in Sources */ = {isa = PBXBuildFile; fileRef = C448F3A3265AEF6100E22BCD /* SceneDelegate.swift */; };
		C448F3A6265AEF6100E22BCD /* ViewController.swift in Sources */ = {isa = PBXBuildFile; fileRef = C448F3A5265AEF6100E22BCD /* ViewController.swift */; };
		C448F3A9265AEF6100E22BCD /* Main.storyboard in Resources */ = {isa = PBXBuildFile; fileRef = C448F3A7265AEF6100E22BCD /* Main.storyboard */; };
		C448F3AC265AEF6100E22BCD /* GameListApp.xcdatamodeld in Sources */ = {isa = PBXBuildFile; fileRef = C448F3AA265AEF6100E22BCD /* GameListApp.xcdatamodeld */; };
		C448F3AE265AEF6100E22BCD /* Assets.xcassets in Resources */ = {isa = PBXBuildFile; fileRef = C448F3AD265AEF6100E22BCD /* Assets.xcassets */; };
		C448F3B1265AEF6100E22BCD /* LaunchScreen.storyboard in Resources */ = {isa = PBXBuildFile; fileRef = C448F3AF265AEF6100E22BCD /* LaunchScreen.storyboard */; };
		C448F3BC265AEF6100E22BCD /* GameListAppTests.swift in Sources */ = {isa = PBXBuildFile; fileRef = C448F3BB265AEF6100E22BCD /* GameListAppTests.swift */; };
		C448F3C7265AEF6200E22BCD /* GameListAppUITests.swift in Sources */ = {isa = PBXBuildFile; fileRef = C448F3C6265AEF6200E22BCD /* GameListAppUITests.swift */; };
		C448F3DC265AF13F00E22BCD /* CoreApi in Frameworks */ = {isa = PBXBuildFile; productRef = C448F3DB265AF13F00E22BCD /* CoreApi */; };
		C448F3E1265AF37E00E22BCD /* HomeEndpointItem.swift in Sources */ = {isa = PBXBuildFile; fileRef = C448F3E0265AF37E00E22BCD /* HomeEndpointItem.swift */; };
		C448F3E7265AF85700E22BCD /* Game.swift in Sources */ = {isa = PBXBuildFile; fileRef = C448F3E6265AF85700E22BCD /* Game.swift */; };
/* End PBXBuildFile section */

/* Begin PBXContainerItemProxy section */
		C448F3B8265AEF6100E22BCD /* PBXContainerItemProxy */ = {
			isa = PBXContainerItemProxy;
			containerPortal = C448F396265AEF6100E22BCD /* Project object */;
			proxyType = 1;
			remoteGlobalIDString = C448F39D265AEF6100E22BCD;
			remoteInfo = GameListApp;
		};
		C448F3C3265AEF6200E22BCD /* PBXContainerItemProxy */ = {
			isa = PBXContainerItemProxy;
			containerPortal = C448F396265AEF6100E22BCD /* Project object */;
			proxyType = 1;
			remoteGlobalIDString = C448F39D265AEF6100E22BCD;
			remoteInfo = GameListApp;
		};
/* End PBXContainerItemProxy section */

/* Begin PBXFileReference section */
		C448F39E265AEF6100E22BCD /* GameListApp.app */ = {isa = PBXFileReference; explicitFileType = wrapper.application; includeInIndex = 0; path = GameListApp.app; sourceTree = BUILT_PRODUCTS_DIR; };
		C448F3A1265AEF6100E22BCD /* AppDelegate.swift */ = {isa = PBXFileReference; lastKnownFileType = sourcecode.swift; path = AppDelegate.swift; sourceTree = "<group>"; };
		C448F3A3265AEF6100E22BCD /* SceneDelegate.swift */ = {isa = PBXFileReference; lastKnownFileType = sourcecode.swift; path = SceneDelegate.swift; sourceTree = "<group>"; };
		C448F3A5265AEF6100E22BCD /* ViewController.swift */ = {isa = PBXFileReference; lastKnownFileType = sourcecode.swift; path = ViewController.swift; sourceTree = "<group>"; };
		C448F3A8265AEF6100E22BCD /* Base */ = {isa = PBXFileReference; lastKnownFileType = file.storyboard; name = Base; path = Base.lproj/Main.storyboard; sourceTree = "<group>"; };
		C448F3AB265AEF6100E22BCD /* GameListApp.xcdatamodel */ = {isa = PBXFileReference; lastKnownFileType = wrapper.xcdatamodel; path = GameListApp.xcdatamodel; sourceTree = "<group>"; };
		C448F3AD265AEF6100E22BCD /* Assets.xcassets */ = {isa = PBXFileReference; lastKnownFileType = folder.assetcatalog; path = Assets.xcassets; sourceTree = "<group>"; };
		C448F3B0265AEF6100E22BCD /* Base */ = {isa = PBXFileReference; lastKnownFileType = file.storyboard; name = Base; path = Base.lproj/LaunchScreen.storyboard; sourceTree = "<group>"; };
		C448F3B2265AEF6100E22BCD /* Info.plist */ = {isa = PBXFileReference; lastKnownFileType = text.plist.xml; path = Info.plist; sourceTree = "<group>"; };
		C448F3B7265AEF6100E22BCD /* GameListAppTests.xctest */ = {isa = PBXFileReference; explicitFileType = wrapper.cfbundle; includeInIndex = 0; path = GameListAppTests.xctest; sourceTree = BUILT_PRODUCTS_DIR; };
		C448F3BB265AEF6100E22BCD /* GameListAppTests.swift */ = {isa = PBXFileReference; lastKnownFileType = sourcecode.swift; path = GameListAppTests.swift; sourceTree = "<group>"; };
		C448F3BD265AEF6200E22BCD /* Info.plist */ = {isa = PBXFileReference; lastKnownFileType = text.plist.xml; path = Info.plist; sourceTree = "<group>"; };
		C448F3C2265AEF6200E22BCD /* GameListAppUITests.xctest */ = {isa = PBXFileReference; explicitFileType = wrapper.cfbundle; includeInIndex = 0; path = GameListAppUITests.xctest; sourceTree = BUILT_PRODUCTS_DIR; };
		C448F3C6265AEF6200E22BCD /* GameListAppUITests.swift */ = {isa = PBXFileReference; lastKnownFileType = sourcecode.swift; path = GameListAppUITests.swift; sourceTree = "<group>"; };
		C448F3C8265AEF6200E22BCD /* Info.plist */ = {isa = PBXFileReference; lastKnownFileType = text.plist.xml; path = Info.plist; sourceTree = "<group>"; };
		C448F3E0265AF37E00E22BCD /* HomeEndpointItem.swift */ = {isa = PBXFileReference; lastKnownFileType = sourcecode.swift; path = HomeEndpointItem.swift; sourceTree = "<group>"; };
		C448F3E6265AF85700E22BCD /* Game.swift */ = {isa = PBXFileReference; lastKnownFileType = sourcecode.swift; path = Game.swift; sourceTree = "<group>"; };
/* End PBXFileReference section */

/* Begin PBXFrameworksBuildPhase section */
		C448F39B265AEF6100E22BCD /* Frameworks */ = {
			isa = PBXFrameworksBuildPhase;
			buildActionMask = 2147483647;
			files = (
				C448F3DC265AF13F00E22BCD /* CoreApi in Frameworks */,
			);
			runOnlyForDeploymentPostprocessing = 0;
		};
		C448F3B4265AEF6100E22BCD /* Frameworks */ = {
			isa = PBXFrameworksBuildPhase;
			buildActionMask = 2147483647;
			files = (
			);
			runOnlyForDeploymentPostprocessing = 0;
		};
		C448F3BF265AEF6200E22BCD /* Frameworks */ = {
			isa = PBXFrameworksBuildPhase;
			buildActionMask = 2147483647;
			files = (
			);
			runOnlyForDeploymentPostprocessing = 0;
		};
/* End PBXFrameworksBuildPhase section */

/* Begin PBXGroup section */
		C448F395265AEF6100E22BCD = {
			isa = PBXGroup;
			children = (
				C448F3A0265AEF6100E22BCD /* GameListApp */,
				C448F3BA265AEF6100E22BCD /* GameListAppTests */,
				C448F3C5265AEF6200E22BCD /* GameListAppUITests */,
				C448F39F265AEF6100E22BCD /* Products */,
				C448F3DA265AF13F00E22BCD /* Frameworks */,
			);
			sourceTree = "<group>";
		};
		C448F39F265AEF6100E22BCD /* Products */ = {
			isa = PBXGroup;
			children = (
				C448F39E265AEF6100E22BCD /* GameListApp.app */,
				C448F3B7265AEF6100E22BCD /* GameListAppTests.xctest */,
				C448F3C2265AEF6200E22BCD /* GameListAppUITests.xctest */,
			);
			name = Products;
			sourceTree = "<group>";
		};
		C448F3A0265AEF6100E22BCD /* GameListApp */ = {
			isa = PBXGroup;
			children = (
				C448F3E5265AF82E00E22BCD /* Model */,
				C448F3A1265AEF6100E22BCD /* AppDelegate.swift */,
				C448F3A3265AEF6100E22BCD /* SceneDelegate.swift */,
				C448F3A5265AEF6100E22BCD /* ViewController.swift */,
				C448F3A7265AEF6100E22BCD /* Main.storyboard */,
				C448F3AD265AEF6100E22BCD /* Assets.xcassets */,
				C448F3AF265AEF6100E22BCD /* LaunchScreen.storyboard */,
				C448F3B2265AEF6100E22BCD /* Info.plist */,
				C448F3AA265AEF6100E22BCD /* GameListApp.xcdatamodeld */,
				C448F3E0265AF37E00E22BCD /* HomeEndpointItem.swift */,
			);
			path = GameListApp;
			sourceTree = "<group>";
		};
		C448F3BA265AEF6100E22BCD /* GameListAppTests */ = {
			isa = PBXGroup;
			children = (
				C448F3BB265AEF6100E22BCD /* GameListAppTests.swift */,
				C448F3BD265AEF6200E22BCD /* Info.plist */,
			);
			path = GameListAppTests;
			sourceTree = "<group>";
		};
		C448F3C5265AEF6200E22BCD /* GameListAppUITests */ = {
			isa = PBXGroup;
			children = (
				C448F3C6265AEF6200E22BCD /* GameListAppUITests.swift */,
				C448F3C8265AEF6200E22BCD /* Info.plist */,
			);
			path = GameListAppUITests;
			sourceTree = "<group>";
		};
		C448F3DA265AF13F00E22BCD /* Frameworks */ = {
			isa = PBXGroup;
			children = (
			);
			name = Frameworks;
			sourceTree = "<group>";
		};
		C448F3E5265AF82E00E22BCD /* Model */ = {
			isa = PBXGroup;
			children = (
				C448F3E6265AF85700E22BCD /* Game.swift */,
			);
			path = Model;
			sourceTree = "<group>";
		};
/* End PBXGroup section */

/* Begin PBXNativeTarget section */
		C448F39D265AEF6100E22BCD /* GameListApp */ = {
			isa = PBXNativeTarget;
			buildConfigurationList = C448F3CB265AEF6200E22BCD /* Build configuration list for PBXNativeTarget "GameListApp" */;
			buildPhases = (
				C448F39A265AEF6100E22BCD /* Sources */,
				C448F39B265AEF6100E22BCD /* Frameworks */,
				C448F39C265AEF6100E22BCD /* Resources */,
			);
			buildRules = (
			);
			dependencies = (
			);
			name = GameListApp;
			packageProductDependencies = (
				C448F3DB265AF13F00E22BCD /* CoreApi */,
			);
			productName = GameListApp;
			productReference = C448F39E265AEF6100E22BCD /* GameListApp.app */;
			productType = "com.apple.product-type.application";
		};
		C448F3B6265AEF6100E22BCD /* GameListAppTests */ = {
			isa = PBXNativeTarget;
			buildConfigurationList = C448F3CE265AEF6200E22BCD /* Build configuration list for PBXNativeTarget "GameListAppTests" */;
			buildPhases = (
				C448F3B3265AEF6100E22BCD /* Sources */,
				C448F3B4265AEF6100E22BCD /* Frameworks */,
				C448F3B5265AEF6100E22BCD /* Resources */,
			);
			buildRules = (
			);
			dependencies = (
				C448F3B9265AEF6100E22BCD /* PBXTargetDependency */,
			);
			name = GameListAppTests;
			productName = GameListAppTests;
			productReference = C448F3B7265AEF6100E22BCD /* GameListAppTests.xctest */;
			productType = "com.apple.product-type.bundle.unit-test";
		};
		C448F3C1265AEF6200E22BCD /* GameListAppUITests */ = {
			isa = PBXNativeTarget;
			buildConfigurationList = C448F3D1265AEF6200E22BCD /* Build configuration list for PBXNativeTarget "GameListAppUITests" */;
			buildPhases = (
				C448F3BE265AEF6200E22BCD /* Sources */,
				C448F3BF265AEF6200E22BCD /* Frameworks */,
				C448F3C0265AEF6200E22BCD /* Resources */,
			);
			buildRules = (
			);
			dependencies = (
				C448F3C4265AEF6200E22BCD /* PBXTargetDependency */,
			);
			name = GameListAppUITests;
			productName = GameListAppUITests;
			productReference = C448F3C2265AEF6200E22BCD /* GameListAppUITests.xctest */;
			productType = "com.apple.product-type.bundle.ui-testing";
		};
/* End PBXNativeTarget section */

/* Begin PBXProject section */
		C448F396265AEF6100E22BCD /* Project object */ = {
			isa = PBXProject;
			attributes = {
				LastSwiftUpdateCheck = 1240;
				LastUpgradeCheck = 1240;
				TargetAttributes = {
					C448F39D265AEF6100E22BCD = {
						CreatedOnToolsVersion = 12.4;
					};
					C448F3B6265AEF6100E22BCD = {
						CreatedOnToolsVersion = 12.4;
						TestTargetID = C448F39D265AEF6100E22BCD;
					};
					C448F3C1265AEF6200E22BCD = {
						CreatedOnToolsVersion = 12.4;
						TestTargetID = C448F39D265AEF6100E22BCD;
					};
				};
			};
			buildConfigurationList = C448F399265AEF6100E22BCD /* Build configuration list for PBXProject "GameListApp" */;
			compatibilityVersion = "Xcode 9.3";
			developmentRegion = en;
			hasScannedForEncodings = 0;
			knownRegions = (
				en,
				Base,
			);
			mainGroup = C448F395265AEF6100E22BCD;
			productRefGroup = C448F39F265AEF6100E22BCD /* Products */;
			projectDirPath = "";
			projectRoot = "";
			targets = (
				C448F39D265AEF6100E22BCD /* GameListApp */,
				C448F3B6265AEF6100E22BCD /* GameListAppTests */,
				C448F3C1265AEF6200E22BCD /* GameListAppUITests */,
			);
		};
/* End PBXProject section */

/* Begin PBXResourcesBuildPhase section */
		C448F39C265AEF6100E22BCD /* Resources */ = {
			isa = PBXResourcesBuildPhase;
			buildActionMask = 2147483647;
			files = (
				C448F3B1265AEF6100E22BCD /* LaunchScreen.storyboard in Resources */,
				C448F3AE265AEF6100E22BCD /* Assets.xcassets in Resources */,
				C448F3A9265AEF6100E22BCD /* Main.storyboard in Resources */,
			);
			runOnlyForDeploymentPostprocessing = 0;
		};
		C448F3B5265AEF6100E22BCD /* Resources */ = {
			isa = PBXResourcesBuildPhase;
			buildActionMask = 2147483647;
			files = (
			);
			runOnlyForDeploymentPostprocessing = 0;
		};
		C448F3C0265AEF6200E22BCD /* Resources */ = {
			isa = PBXResourcesBuildPhase;
			buildActionMask = 2147483647;
			files = (
			);
			runOnlyForDeploymentPostprocessing = 0;
		};
/* End PBXResourcesBuildPhase section */

/* Begin PBXSourcesBuildPhase section */
		C448F39A265AEF6100E22BCD /* Sources */ = {
			isa = PBXSourcesBuildPhase;
			buildActionMask = 2147483647;
			files = (
				C448F3A6265AEF6100E22BCD /* ViewController.swift in Sources */,
				C448F3E7265AF85700E22BCD /* Game.swift in Sources */,
				C448F3A2265AEF6100E22BCD /* AppDelegate.swift in Sources */,
				C448F3A4265AEF6100E22BCD /* SceneDelegate.swift in Sources */,
				C448F3AC265AEF6100E22BCD /* GameListApp.xcdatamodeld in Sources */,
				C448F3E1265AF37E00E22BCD /* HomeEndpointItem.swift in Sources */,
			);
			runOnlyForDeploymentPostprocessing = 0;
		};
		C448F3B3265AEF6100E22BCD /* Sources */ = {
			isa = PBXSourcesBuildPhase;
			buildActionMask = 2147483647;
			files = (
				C448F3BC265AEF6100E22BCD /* GameListAppTests.swift in Sources */,
			);
			runOnlyForDeploymentPostprocessing = 0;
		};
		C448F3BE265AEF6200E22BCD /* Sources */ = {
			isa = PBXSourcesBuildPhase;
			buildActionMask = 2147483647;
			files = (
				C448F3C7265AEF6200E22BCD /* GameListAppUITests.swift in Sources */,
			);
			runOnlyForDeploymentPostprocessing = 0;
		};
/* End PBXSourcesBuildPhase section */

/* Begin PBXTargetDependency section */
		C448F3B9265AEF6100E22BCD /* PBXTargetDependency */ = {
			isa = PBXTargetDependency;
			target = C448F39D265AEF6100E22BCD /* GameListApp */;
			targetProxy = C448F3B8265AEF6100E22BCD /* PBXContainerItemProxy */;
		};
		C448F3C4265AEF6200E22BCD /* PBXTargetDependency */ = {
			isa = PBXTargetDependency;
			target = C448F39D265AEF6100E22BCD /* GameListApp */;
			targetProxy = C448F3C3265AEF6200E22BCD /* PBXContainerItemProxy */;
		};
/* End PBXTargetDependency section */

/* Begin PBXVariantGroup section */
		C448F3A7265AEF6100E22BCD /* Main.storyboard */ = {
			isa = PBXVariantGroup;
			children = (
				C448F3A8265AEF6100E22BCD /* Base */,
			);
			name = Main.storyboard;
			sourceTree = "<group>";
		};
		C448F3AF265AEF6100E22BCD /* LaunchScreen.storyboard */ = {
			isa = PBXVariantGroup;
			children = (
				C448F3B0265AEF6100E22BCD /* Base */,
			);
			name = LaunchScreen.storyboard;
			sourceTree = "<group>";
		};
/* End PBXVariantGroup section */

/* Begin XCBuildConfiguration section */
		C448F3C9265AEF6200E22BCD /* Debug */ = {
			isa = XCBuildConfiguration;
			buildSettings = {
				ALWAYS_SEARCH_USER_PATHS = NO;
				CLANG_ANALYZER_NONNULL = YES;
				CLANG_ANALYZER_NUMBER_OBJECT_CONVERSION = YES_AGGRESSIVE;
				CLANG_CXX_LANGUAGE_STANDARD = "gnu++14";
				CLANG_CXX_LIBRARY = "libc++";
				CLANG_ENABLE_MODULES = YES;
				CLANG_ENABLE_OBJC_ARC = YES;
				CLANG_ENABLE_OBJC_WEAK = YES;
				CLANG_WARN_BLOCK_CAPTURE_AUTORELEASING = YES;
				CLANG_WARN_BOOL_CONVERSION = YES;
				CLANG_WARN_COMMA = YES;
				CLANG_WARN_CONSTANT_CONVERSION = YES;
				CLANG_WARN_DEPRECATED_OBJC_IMPLEMENTATIONS = YES;
				CLANG_WARN_DIRECT_OBJC_ISA_USAGE = YES_ERROR;
				CLANG_WARN_DOCUMENTATION_COMMENTS = YES;
				CLANG_WARN_EMPTY_BODY = YES;
				CLANG_WARN_ENUM_CONVERSION = YES;
				CLANG_WARN_INFINITE_RECURSION = YES;
				CLANG_WARN_INT_CONVERSION = YES;
				CLANG_WARN_NON_LITERAL_NULL_CONVERSION = YES;
				CLANG_WARN_OBJC_IMPLICIT_RETAIN_SELF = YES;
				CLANG_WARN_OBJC_LITERAL_CONVERSION = YES;
				CLANG_WARN_OBJC_ROOT_CLASS = YES_ERROR;
				CLANG_WARN_QUOTED_INCLUDE_IN_FRAMEWORK_HEADER = YES;
				CLANG_WARN_RANGE_LOOP_ANALYSIS = YES;
				CLANG_WARN_STRICT_PROTOTYPES = YES;
				CLANG_WARN_SUSPICIOUS_MOVE = YES;
				CLANG_WARN_UNGUARDED_AVAILABILITY = YES_AGGRESSIVE;
				CLANG_WARN_UNREACHABLE_CODE = YES;
				CLANG_WARN__DUPLICATE_METHOD_MATCH = YES;
				COPY_PHASE_STRIP = NO;
				DEBUG_INFORMATION_FORMAT = dwarf;
				ENABLE_STRICT_OBJC_MSGSEND = YES;
				ENABLE_TESTABILITY = YES;
				GCC_C_LANGUAGE_STANDARD = gnu11;
				GCC_DYNAMIC_NO_PIC = NO;
				GCC_NO_COMMON_BLOCKS = YES;
				GCC_OPTIMIZATION_LEVEL = 0;
				GCC_PREPROCESSOR_DEFINITIONS = (
					"DEBUG=1",
					"$(inherited)",
				);
				GCC_WARN_64_TO_32_BIT_CONVERSION = YES;
				GCC_WARN_ABOUT_RETURN_TYPE = YES_ERROR;
				GCC_WARN_UNDECLARED_SELECTOR = YES;
				GCC_WARN_UNINITIALIZED_AUTOS = YES_AGGRESSIVE;
				GCC_WARN_UNUSED_FUNCTION = YES;
				GCC_WARN_UNUSED_VARIABLE = YES;
				IPHONEOS_DEPLOYMENT_TARGET = 14.4;
				MTL_ENABLE_DEBUG_INFO = INCLUDE_SOURCE;
				MTL_FAST_MATH = YES;
				ONLY_ACTIVE_ARCH = YES;
				SDKROOT = iphoneos;
				SWIFT_ACTIVE_COMPILATION_CONDITIONS = DEBUG;
				SWIFT_OPTIMIZATION_LEVEL = "-Onone";
			};
			name = Debug;
		};
		C448F3CA265AEF6200E22BCD /* Release */ = {
			isa = XCBuildConfiguration;
			buildSettings = {
				ALWAYS_SEARCH_USER_PATHS = NO;
				CLANG_ANALYZER_NONNULL = YES;
				CLANG_ANALYZER_NUMBER_OBJECT_CONVERSION = YES_AGGRESSIVE;
				CLANG_CXX_LANGUAGE_STANDARD = "gnu++14";
				CLANG_CXX_LIBRARY = "libc++";
				CLANG_ENABLE_MODULES = YES;
				CLANG_ENABLE_OBJC_ARC = YES;
				CLANG_ENABLE_OBJC_WEAK = YES;
				CLANG_WARN_BLOCK_CAPTURE_AUTORELEASING = YES;
				CLANG_WARN_BOOL_CONVERSION = YES;
				CLANG_WARN_COMMA = YES;
				CLANG_WARN_CONSTANT_CONVERSION = YES;
				CLANG_WARN_DEPRECATED_OBJC_IMPLEMENTATIONS = YES;
				CLANG_WARN_DIRECT_OBJC_ISA_USAGE = YES_ERROR;
				CLANG_WARN_DOCUMENTATION_COMMENTS = YES;
				CLANG_WARN_EMPTY_BODY = YES;
				CLANG_WARN_ENUM_CONVERSION = YES;
				CLANG_WARN_INFINITE_RECURSION = YES;
				CLANG_WARN_INT_CONVERSION = YES;
				CLANG_WARN_NON_LITERAL_NULL_CONVERSION = YES;
				CLANG_WARN_OBJC_IMPLICIT_RETAIN_SELF = YES;
				CLANG_WARN_OBJC_LITERAL_CONVERSION = YES;
				CLANG_WARN_OBJC_ROOT_CLASS = YES_ERROR;
				CLANG_WARN_QUOTED_INCLUDE_IN_FRAMEWORK_HEADER = YES;
				CLANG_WARN_RANGE_LOOP_ANALYSIS = YES;
				CLANG_WARN_STRICT_PROTOTYPES = YES;
				CLANG_WARN_SUSPICIOUS_MOVE = YES;
				CLANG_WARN_UNGUARDED_AVAILABILITY = YES_AGGRESSIVE;
				CLANG_WARN_UNREACHABLE_CODE = YES;
				CLANG_WARN__DUPLICATE_METHOD_MATCH = YES;
				COPY_PHASE_STRIP = NO;
				DEBUG_INFORMATION_FORMAT = "dwarf-with-dsym";
				ENABLE_NS_ASSERTIONS = NO;
				ENABLE_STRICT_OBJC_MSGSEND = YES;
				GCC_C_LANGUAGE_STANDARD = gnu11;
				GCC_NO_COMMON_BLOCKS = YES;
				GCC_WARN_64_TO_32_BIT_CONVERSION = YES;
				GCC_WARN_ABOUT_RETURN_TYPE = YES_ERROR;
				GCC_WARN_UNDECLARED_SELECTOR = YES;
				GCC_WARN_UNINITIALIZED_AUTOS = YES_AGGRESSIVE;
				GCC_WARN_UNUSED_FUNCTION = YES;
				GCC_WARN_UNUSED_VARIABLE = YES;
				IPHONEOS_DEPLOYMENT_TARGET = 14.4;
				MTL_ENABLE_DEBUG_INFO = NO;
				MTL_FAST_MATH = YES;
				SDKROOT = iphoneos;
				SWIFT_COMPILATION_MODE = wholemodule;
				SWIFT_OPTIMIZATION_LEVEL = "-O";
				VALIDATE_PRODUCT = YES;
			};
			name = Release;
		};
		C448F3CC265AEF6200E22BCD /* Debug */ = {
			isa = XCBuildConfiguration;
			buildSettings = {
				ASSETCATALOG_COMPILER_APPICON_NAME = AppIcon;
				ASSETCATALOG_COMPILER_GLOBAL_ACCENT_COLOR_NAME = AccentColor;
				CODE_SIGN_STYLE = Automatic;
				DEVELOPMENT_TEAM = ZJP5R49QLR;
				INFOPLIST_FILE = GameListApp/Info.plist;
				LD_RUNPATH_SEARCH_PATHS = (
					"$(inherited)",
					"@executable_path/Frameworks",
				);
				PRODUCT_BUNDLE_IDENTIFIER = com.oguzhanbekir.GameListApp;
				PRODUCT_NAME = "$(TARGET_NAME)";
				SWIFT_VERSION = 5.0;
				TARGETED_DEVICE_FAMILY = "1,2";
			};
			name = Debug;
		};
		C448F3CD265AEF6200E22BCD /* Release */ = {
			isa = XCBuildConfiguration;
			buildSettings = {
				ASSETCATALOG_COMPILER_APPICON_NAME = AppIcon;
				ASSETCATALOG_COMPILER_GLOBAL_ACCENT_COLOR_NAME = AccentColor;
				CODE_SIGN_STYLE = Automatic;
				DEVELOPMENT_TEAM = ZJP5R49QLR;
				INFOPLIST_FILE = GameListApp/Info.plist;
				LD_RUNPATH_SEARCH_PATHS = (
					"$(inherited)",
					"@executable_path/Frameworks",
				);
				PRODUCT_BUNDLE_IDENTIFIER = com.oguzhanbekir.GameListApp;
				PRODUCT_NAME = "$(TARGET_NAME)";
				SWIFT_VERSION = 5.0;
				TARGETED_DEVICE_FAMILY = "1,2";
			};
			name = Release;
		};
		C448F3CF265AEF6200E22BCD /* Debug */ = {
			isa = XCBuildConfiguration;
			buildSettings = {
				ALWAYS_EMBED_SWIFT_STANDARD_LIBRARIES = YES;
				BUNDLE_LOADER = "$(TEST_HOST)";
				CODE_SIGN_STYLE = Automatic;
				DEVELOPMENT_TEAM = ZJP5R49QLR;
				INFOPLIST_FILE = GameListAppTests/Info.plist;
				IPHONEOS_DEPLOYMENT_TARGET = 14.4;
				LD_RUNPATH_SEARCH_PATHS = (
					"$(inherited)",
					"@executable_path/Frameworks",
					"@loader_path/Frameworks",
				);
				PRODUCT_BUNDLE_IDENTIFIER = com.oguzhanbekir.GameListAppTests;
				PRODUCT_NAME = "$(TARGET_NAME)";
				SWIFT_VERSION = 5.0;
				TARGETED_DEVICE_FAMILY = "1,2";
				TEST_HOST = "$(BUILT_PRODUCTS_DIR)/GameListApp.app/GameListApp";
			};
			name = Debug;
		};
		C448F3D0265AEF6200E22BCD /* Release */ = {
			isa = XCBuildConfiguration;
			buildSettings = {
				ALWAYS_EMBED_SWIFT_STANDARD_LIBRARIES = YES;
				BUNDLE_LOADER = "$(TEST_HOST)";
				CODE_SIGN_STYLE = Automatic;
				DEVELOPMENT_TEAM = ZJP5R49QLR;
				INFOPLIST_FILE = GameListAppTests/Info.plist;
				IPHONEOS_DEPLOYMENT_TARGET = 14.4;
				LD_RUNPATH_SEARCH_PATHS = (
					"$(inherited)",
					"@executable_path/Frameworks",
					"@loader_path/Frameworks",
				);
				PRODUCT_BUNDLE_IDENTIFIER = com.oguzhanbekir.GameListAppTests;
				PRODUCT_NAME = "$(TARGET_NAME)";
				SWIFT_VERSION = 5.0;
				TARGETED_DEVICE_FAMILY = "1,2";
				TEST_HOST = "$(BUILT_PRODUCTS_DIR)/GameListApp.app/GameListApp";
			};
			name = Release;
		};
		C448F3D2265AEF6200E22BCD /* Debug */ = {
			isa = XCBuildConfiguration;
			buildSettings = {
				ALWAYS_EMBED_SWIFT_STANDARD_LIBRARIES = YES;
				CODE_SIGN_STYLE = Automatic;
				DEVELOPMENT_TEAM = ZJP5R49QLR;
				INFOPLIST_FILE = GameListAppUITests/Info.plist;
				LD_RUNPATH_SEARCH_PATHS = (
					"$(inherited)",
					"@executable_path/Frameworks",
					"@loader_path/Frameworks",
				);
				PRODUCT_BUNDLE_IDENTIFIER = com.oguzhanbekir.GameListAppUITests;
				PRODUCT_NAME = "$(TARGET_NAME)";
				SWIFT_VERSION = 5.0;
				TARGETED_DEVICE_FAMILY = "1,2";
				TEST_TARGET_NAME = GameListApp;
			};
			name = Debug;
		};
		C448F3D3265AEF6200E22BCD /* Release */ = {
			isa = XCBuildConfiguration;
			buildSettings = {
				ALWAYS_EMBED_SWIFT_STANDARD_LIBRARIES = YES;
				CODE_SIGN_STYLE = Automatic;
				DEVELOPMENT_TEAM = ZJP5R49QLR;
				INFOPLIST_FILE = GameListAppUITests/Info.plist;
				LD_RUNPATH_SEARCH_PATHS = (
					"$(inherited)",
					"@executable_path/Frameworks",
					"@loader_path/Frameworks",
				);
				PRODUCT_BUNDLE_IDENTIFIER = com.oguzhanbekir.GameListAppUITests;
				PRODUCT_NAME = "$(TARGET_NAME)";
				SWIFT_VERSION = 5.0;
				TARGETED_DEVICE_FAMILY = "1,2";
				TEST_TARGET_NAME = GameListApp;
			};
			name = Release;
		};
/* End XCBuildConfiguration section */

/* Begin XCConfigurationList section */
		C448F399265AEF6100E22BCD /* Build configuration list for PBXProject "GameListApp" */ = {
			isa = XCConfigurationList;
			buildConfigurations = (
				C448F3C9265AEF6200E22BCD /* Debug */,
				C448F3CA265AEF6200E22BCD /* Release */,
			);
			defaultConfigurationIsVisible = 0;
			defaultConfigurationName = Release;
		};
		C448F3CB265AEF6200E22BCD /* Build configuration list for PBXNativeTarget "GameListApp" */ = {
			isa = XCConfigurationList;
			buildConfigurations = (
				C448F3CC265AEF6200E22BCD /* Debug */,
				C448F3CD265AEF6200E22BCD /* Release */,
			);
			defaultConfigurationIsVisible = 0;
			defaultConfigurationName = Release;
		};
		C448F3CE265AEF6200E22BCD /* Build configuration list for PBXNativeTarget "GameListAppTests" */ = {
			isa = XCConfigurationList;
			buildConfigurations = (
				C448F3CF265AEF6200E22BCD /* Debug */,
				C448F3D0265AEF6200E22BCD /* Release */,
			);
			defaultConfigurationIsVisible = 0;
			defaultConfigurationName = Release;
		};
		C448F3D1265AEF6200E22BCD /* Build configuration list for PBXNativeTarget "GameListAppUITests" */ = {
			isa = XCConfigurationList;
			buildConfigurations = (
				C448F3D2265AEF6200E22BCD /* Debug */,
				C448F3D3265AEF6200E22BCD /* Release */,
			);
			defaultConfigurationIsVisible = 0;
			defaultConfigurationName = Release;
		};
/* End XCConfigurationList section */

/* Begin XCSwiftPackageProductDependency section */
		C448F3DB265AF13F00E22BCD /* CoreApi */ = {
			isa = XCSwiftPackageProductDependency;
			productName = CoreApi;
		};
/* End XCSwiftPackageProductDependency section */

/* Begin XCVersionGroup section */
		C448F3AA265AEF6100E22BCD /* GameListApp.xcdatamodeld */ = {
			isa = XCVersionGroup;
			children = (
				C448F3AB265AEF6100E22BCD /* GameListApp.xcdatamodel */,
			);
			currentVersion = C448F3AB265AEF6100E22BCD /* GameListApp.xcdatamodel */;
			path = GameListApp.xcdatamodeld;
			sourceTree = "<group>";
			versionGroupType = wrapper.xcdatamodel;
		};
/* End XCVersionGroup section */
	};
	rootObject = C448F396265AEF6100E22BCD /* Project object */;
}
